
Microsoft Visual Studio Solution File, Format Version 12.00
# Visual Studio 15
VisualStudioVersion = 15.0.27004.2005
MinimumVisualStudioVersion = 10.0.40219.1
Project("{FAE04EC0-301F-11D3-BF4B-00C04F79EFBC}") = "PPC Rental 2017", "PPC Rental 2017\PPC Rental 2017.csproj", "{9598D954-7A65-4DF7-B86D-E409A1F651BA}"
EndProject
Project("{FAE04EC0-301F-11D3-BF4B-00C04F79EFBC}") = "PPCRental2017.AcceptanceTests", "PPCRental2017.AcceptanceTests\PPCRental2017.AcceptanceTests.csproj", "{7DD9DD65-DD88-41BA-A8B2-01E64422B779}"
EndProject
Project("{FAE04EC0-301F-11D3-BF4B-00C04F79EFBC}") = "PPCRental2017.AcceptantTests.Common", "PPCRental2017.AcceptantTests.Common\PPCRental2017.AcceptantTests.Common.csproj", "{E05CEB0D-D593-4D60-B3DC-01F09E940052}"
EndProject
Project("{FAE04EC0-301F-11D3-BF4B-00C04F79EFBC}") = "PPCRental2017.UITests.Selenium", "PPCRental2017.UITests.Selenium\PPCRental2017.UITests.Selenium.csproj", "{D9965028-CE02-41F3-8780-7B28B08B73EB}"
EndProject
Project("{FAE04EC0-301F-11D3-BF4B-00C04F79EFBC}") = "PPCRental2017.UnitTests", "PPCRental2017.UnitTests\PPCRental2017.UnitTests.csproj", "{C16CB9DD-88E3-4441-8EB0-08DBFB23C95C}"
EndProject
Global
	GlobalSection(SolutionConfigurationPlatforms) = preSolution
		Debug|Any CPU = Debug|Any CPU
		Release|Any CPU = Release|Any CPU
	EndGlobalSection
	GlobalSection(ProjectConfigurationPlatforms) = postSolution
		{9598D954-7A65-4DF7-B86D-E409A1F651BA}.Debug|Any CPU.ActiveCfg = Debug|Any CPU
		{9598D954-7A65-4DF7-B86D-E409A1F651BA}.Debug|Any CPU.Build.0 = Debug|Any CPU
		{9598D954-7A65-4DF7-B86D-E409A1F651BA}.Release|Any CPU.ActiveCfg = Release|Any CPU
		{9598D954-7A65-4DF7-B86D-E409A1F651BA}.Release|Any CPU.Build.0 = Release|Any CPU
		{7DD9DD65-DD88-41BA-A8B2-01E64422B779}.Debug|Any CPU.ActiveCfg = Debug|Any CPU
		{7DD9DD65-DD88-41BA-A8B2-01E64422B779}.Debug|Any CPU.Build.0 = Debug|Any CPU
		{7DD9DD65-DD88-41BA-A8B2-01E64422B779}.Release|Any CPU.ActiveCfg = Release|Any CPU
		{7DD9DD65-DD88-41BA-A8B2-01E64422B779}.Release|Any CPU.Build.0 = Release|Any CPU
		{E05CEB0D-D593-4D60-B3DC-01F09E940052}.Debug|Any CPU.ActiveCfg = Debug|Any CPU
		{E05CEB0D-D593-4D60-B3DC-01F09E940052}.Debug|Any CPU.Build.0 = Debug|Any CPU
		{E05CEB0D-D593-4D60-B3DC-01F09E940052}.Release|Any CPU.ActiveCfg = Release|Any CPU
		{E05CEB0D-D593-4D60-B3DC-01F09E940052}.Release|Any CPU.Build.0 = Release|Any CPU
		{D9965028-CE02-41F3-8780-7B28B08B73EB}.Debug|Any CPU.ActiveCfg = Debug|Any CPU
		{D9965028-CE02-41F3-8780-7B28B08B73EB}.Debug|Any CPU.Build.0 = Debug|Any CPU
		{D9965028-CE02-41F3-8780-7B28B08B73EB}.Release|Any CPU.ActiveCfg = Release|Any CPU
		{D9965028-CE02-41F3-8780-7B28B08B73EB}.Release|Any CPU.Build.0 = Release|Any CPU
		{C16CB9DD-88E3-4441-8EB0-08DBFB23C95C}.Debug|Any CPU.ActiveCfg = Debug|Any CPU
		{C16CB9DD-88E3-4441-8EB0-08DBFB23C95C}.Debug|Any CPU.Build.0 = Debug|Any CPU
		{C16CB9DD-88E3-4441-8EB0-08DBFB23C95C}.Release|Any CPU.ActiveCfg = Release|Any CPU
		{C16CB9DD-88E3-4441-8EB0-08DBFB23C95C}.Release|Any CPU.Build.0 = Release|Any CPU
	EndGlobalSection
	GlobalSection(SolutionProperties) = preSolution
		HideSolutionNode = FALSE
	EndGlobalSection
	GlobalSection(ExtensibilityGlobals) = postSolution
		SolutionGuid = {7706669F-E9D8-4139-A43C-A62B920F3AE7}
	EndGlobalSection
EndGlobal
