
Microsoft Visual Studio Solution File, Format Version 12.00
# Visual Studio 14
VisualStudioVersion = 14.0.25420.1
MinimumVisualStudioVersion = 10.0.40219.1
Project("{FAE04EC0-301F-11D3-BF4B-00C04F79EFBC}") = "PPC Rental 2017", "PPC Rental 2017\PPC Rental 2017.csproj", "{9598D954-7A65-4DF7-B86D-E409A1F651BA}"
EndProject
Project("{FAE04EC0-301F-11D3-BF4B-00C04F79EFBC}") = "PPCRental2017.AcceptanceTests", "PPCRental2017.AcceptanceTests\PPCRental2017.AcceptanceTests.csproj", "{AF400258-4109-4C8C-AC28-A6687DBBFCA3}"
EndProject
Project("{FAE04EC0-301F-11D3-BF4B-00C04F79EFBC}") = "PPCRental2017.AcceptanceTests.Common", "PPCRental2017.AcceptanceTests.Common\PPCRental2017.AcceptanceTests.Common.csproj", "{CAAF0FC7-D81B-48C5-9D84-5C585799883C}"
EndProject
Project("{FAE04EC0-301F-11D3-BF4B-00C04F79EFBC}") = "PPCRental2017.UITests.Selenium", "PPCRental2017.UITests.Selenium\PPCRental2017.UITests.Selenium.csproj", "{BA4289E0-03A1-465A-98FD-9D8A80A71329}"
EndProject
Project("{FAE04EC0-301F-11D3-BF4B-00C04F79EFBC}") = "PPCRental2017.UnitTests", "PPCRental2017.UnitTests\PPCRental2017.UnitTests.csproj", "{586B420E-B335-4AFA-8D1D-BCE64EF632AC}"
EndProject
Global
	GlobalSection(SolutionConfigurationPlatforms) = preSolution
		Debug|Any CPU = Debug|Any CPU
		Release|Any CPU = Release|Any CPU
	EndGlobalSection
	GlobalSection(ProjectConfigurationPlatforms) = postSolution
		{9598D954-7A65-4DF7-B86D-E409A1F651BA}.Debug|Any CPU.ActiveCfg = Debug|Any CPU
		{9598D954-7A65-4DF7-B86D-E409A1F651BA}.Debug|Any CPU.Build.0 = Debug|Any CPU
		{9598D954-7A65-4DF7-B86D-E409A1F651BA}.Release|Any CPU.ActiveCfg = Release|Any CPU
		{9598D954-7A65-4DF7-B86D-E409A1F651BA}.Release|Any CPU.Build.0 = Release|Any CPU
		{AF400258-4109-4C8C-AC28-A6687DBBFCA3}.Debug|Any CPU.ActiveCfg = Debug|Any CPU
		{AF400258-4109-4C8C-AC28-A6687DBBFCA3}.Debug|Any CPU.Build.0 = Debug|Any CPU
		{AF400258-4109-4C8C-AC28-A6687DBBFCA3}.Release|Any CPU.ActiveCfg = Release|Any CPU
		{AF400258-4109-4C8C-AC28-A6687DBBFCA3}.Release|Any CPU.Build.0 = Release|Any CPU
		{CAAF0FC7-D81B-48C5-9D84-5C585799883C}.Debug|Any CPU.ActiveCfg = Debug|Any CPU
		{CAAF0FC7-D81B-48C5-9D84-5C585799883C}.Debug|Any CPU.Build.0 = Debug|Any CPU
		{CAAF0FC7-D81B-48C5-9D84-5C585799883C}.Release|Any CPU.ActiveCfg = Release|Any CPU
		{CAAF0FC7-D81B-48C5-9D84-5C585799883C}.Release|Any CPU.Build.0 = Release|Any CPU
		{BA4289E0-03A1-465A-98FD-9D8A80A71329}.Debug|Any CPU.ActiveCfg = Debug|Any CPU
		{BA4289E0-03A1-465A-98FD-9D8A80A71329}.Debug|Any CPU.Build.0 = Debug|Any CPU
		{BA4289E0-03A1-465A-98FD-9D8A80A71329}.Release|Any CPU.ActiveCfg = Release|Any CPU
		{BA4289E0-03A1-465A-98FD-9D8A80A71329}.Release|Any CPU.Build.0 = Release|Any CPU
		{586B420E-B335-4AFA-8D1D-BCE64EF632AC}.Debug|Any CPU.ActiveCfg = Debug|Any CPU
		{586B420E-B335-4AFA-8D1D-BCE64EF632AC}.Debug|Any CPU.Build.0 = Debug|Any CPU
		{586B420E-B335-4AFA-8D1D-BCE64EF632AC}.Release|Any CPU.ActiveCfg = Release|Any CPU
		{586B420E-B335-4AFA-8D1D-BCE64EF632AC}.Release|Any CPU.Build.0 = Release|Any CPU
	EndGlobalSection
	GlobalSection(SolutionProperties) = preSolution
		HideSolutionNode = FALSE
	EndGlobalSection
	GlobalSection(ExtensibilityGlobals) = postSolution
		SolutionGuid = {7706669F-E9D8-4139-A43C-A62B920F3AE7}
	EndGlobalSection
EndGlobal
